
Microsoft Visual Studio Solution File, Format Version 12.00
# Visual Studio Version 17
VisualStudioVersion = 17.12.35527.113 d17.12
MinimumVisualStudioVersion = 10.0.40219.1
Project("{FAE04EC0-301F-11D3-BF4B-00C04F79EFBC}") = "lmsV1", "lmsV1\lmsV1.csproj", "{7571E549-10EA-4A2C-B583-499CCA3FB958}"
EndProject
Global
	GlobalSection(SolutionConfigurationPlatforms) = preSolution
		Debug|Any CPU = Debug|Any CPU
		Release|Any CPU = Release|Any CPU
	EndGlobalSection
	GlobalSection(ProjectConfigurationPlatforms) = postSolution
		{7571E549-10EA-4A2C-B583-499CCA3FB958}.Debug|Any CPU.ActiveCfg = Debug|Any CPU
		{7571E549-10EA-4A2C-B583-499CCA3FB958}.Debug|Any CPU.Build.0 = Debug|Any CPU
		{7571E549-10EA-4A2C-B583-499CCA3FB958}.Release|Any CPU.ActiveCfg = Release|Any CPU
		{7571E549-10EA-4A2C-B583-499CCA3FB958}.Release|Any CPU.Build.0 = Release|Any CPU
	EndGlobalSection
	GlobalSection(SolutionProperties) = preSolution
		HideSolutionNode = FALSE
	EndGlobalSection
EndGlobal
